// !$*UTF8*$!
{
	archiveVersion = 1;
	classes = {
	};
	objectVersion = 77;
	objects = {

/* Begin PBXContainerItemProxy section */
		D152F21B2EF8966E00129C2A /* PBXContainerItemProxy */ = {
			isa = PBXContainerItemProxy;
			containerPortal = D152F2052EF8966D00129C2A /* Project object */;
			proxyType = 1;
			remoteGlobalIDString = D152F20C2EF8966D00129C2A;
			remoteInfo = "PictConverter for Avi’s Backdrop";
		};
		D152F2252EF8966E00129C2A /* PBXContainerItemProxy */ = {
			isa = PBXContainerItemProxy;
			containerPortal = D152F2052EF8966D00129C2A /* Project object */;
			proxyType = 1;
			remoteGlobalIDString = D152F20C2EF8966D00129C2A;
			remoteInfo = "PictConverter for Avi’s Backdrop";
		};
/* End PBXContainerItemProxy section */

/* Begin PBXFileReference section */
		D152F20D2EF8966D00129C2A /* PictConverter for Avi’s Backdrop.app */ = {isa = PBXFileReference; explicitFileType = wrapper.application; includeInIndex = 0; path = "PictConverter for Avi’s Backdrop.app"; sourceTree = BUILT_PRODUCTS_DIR; };
		D152F21A2EF8966E00129C2A /* PictConverter for Avi’s BackdropTests.xctest */ = {isa = PBXFileReference; explicitFileType = wrapper.cfbundle; includeInIndex = 0; path = "PictConverter for Avi’s BackdropTests.xctest"; sourceTree = BUILT_PRODUCTS_DIR; };
		D152F2242EF8966E00129C2A /* PictConverter for Avi’s BackdropUITests.xctest */ = {isa = PBXFileReference; explicitFileType = wrapper.cfbundle; includeInIndex = 0; path = "PictConverter for Avi’s BackdropUITests.xctest"; sourceTree = BUILT_PRODUCTS_DIR; };
/* End PBXFileReference section */

/* Begin PBXFileSystemSynchronizedRootGroup section */
		D152F20F2EF8966D00129C2A /* PictConverter for Avi’s Backdrop */ = {
			isa = PBXFileSystemSynchronizedRootGroup;
			path = "PictConverter for Avi’s Backdrop";
			sourceTree = "<group>";
		};
		D152F21D2EF8966E00129C2A /* PictConverter for Avi’s BackdropTests */ = {
			isa = PBXFileSystemSynchronizedRootGroup;
			path = "PictConverter for Avi’s BackdropTests";
			sourceTree = "<group>";
		};
		D152F2272EF8966E00129C2A /* PictConverter for Avi’s BackdropUITests */ = {
			isa = PBXFileSystemSynchronizedRootGroup;
			path = "PictConverter for Avi’s BackdropUITests";
			sourceTree = "<group>";
		};
/* End PBXFileSystemSynchronizedRootGroup section */

/* Begin PBXFrameworksBuildPhase section */
		D152F20A2EF8966D00129C2A /* Frameworks */ = {
			isa = PBXFrameworksBuildPhase;
			buildActionMask = 2147483647;
			files = (
			);
			runOnlyForDeploymentPostprocessing = 0;
		};
		D152F2172EF8966E00129C2A /* Frameworks */ = {
			isa = PBXFrameworksBuildPhase;
			buildActionMask = 2147483647;
			files = (
			);
			runOnlyForDeploymentPostprocessing = 0;
		};
		D152F2212EF8966E00129C2A /* Frameworks */ = {
			isa = PBXFrameworksBuildPhase;
			buildActionMask = 2147483647;
			files = (
			);
			runOnlyForDeploymentPostprocessing = 0;
		};
/* End PBXFrameworksBuildPhase section */

/* Begin PBXGroup section */
		D152F2042EF8966D00129C2A = {
			isa = PBXGroup;
			children = (
				D152F20F2EF8966D00129C2A /* PictConverter for Avi’s Backdrop */,
				D152F21D2EF8966E00129C2A /* PictConverter for Avi’s BackdropTests */,
				D152F2272EF8966E00129C2A /* PictConverter for Avi’s BackdropUITests */,
				D152F20E2EF8966D00129C2A /* Products */,
			);
			sourceTree = "<group>";
		};
		D152F20E2EF8966D00129C2A /* Products */ = {
			isa = PBXGroup;
			children = (
				D152F20D2EF8966D00129C2A /* PictConverter for Avi’s Backdrop.app */,
				D152F21A2EF8966E00129C2A /* PictConverter for Avi’s BackdropTests.xctest */,
				D152F2242EF8966E00129C2A /* PictConverter for Avi’s BackdropUITests.xctest */,
			);
			name = Products;
			sourceTree = "<group>";
		};
/* End PBXGroup section */

/* Begin PBXNativeTarget section */
		D152F20C2EF8966D00129C2A /* PictConverter for Avi’s Backdrop */ = {
			isa = PBXNativeTarget;
			buildConfigurationList = D152F22E2EF8966E00129C2A /* Build configuration list for PBXNativeTarget "PictConverter for Avi’s Backdrop" */;
			buildPhases = (
				D152F2092EF8966D00129C2A /* Sources */,
				D152F20A2EF8966D00129C2A /* Frameworks */,
				D152F20B2EF8966D00129C2A /* Resources */,
			);
			buildRules = (
			);
			dependencies = (
			);
			fileSystemSynchronizedGroups = (
				D152F20F2EF8966D00129C2A /* PictConverter for Avi’s Backdrop */,
			);
			name = "PictConverter for Avi’s Backdrop";
			packageProductDependencies = (
			);
			productName = "PictConverter for Avi’s Backdrop";
			productReference = D152F20D2EF8966D00129C2A /* PictConverter for Avi’s Backdrop.app */;
			productType = "com.apple.product-type.application";
		};
		D152F2192EF8966E00129C2A /* PictConverter for Avi’s BackdropTests */ = {
			isa = PBXNativeTarget;
			buildConfigurationList = D152F2312EF8966E00129C2A /* Build configuration list for PBXNativeTarget "PictConverter for Avi’s BackdropTests" */;
			buildPhases = (
				D152F2162EF8966E00129C2A /* Sources */,
				D152F2172EF8966E00129C2A /* Frameworks */,
				D152F2182EF8966E00129C2A /* Resources */,
			);
			buildRules = (
			);
			dependencies = (
				D152F21C2EF8966E00129C2A /* PBXTargetDependency */,
			);
			fileSystemSynchronizedGroups = (
				D152F21D2EF8966E00129C2A /* PictConverter for Avi’s BackdropTests */,
			);
			name = "PictConverter for Avi’s BackdropTests";
			packageProductDependencies = (
			);
			productName = "PictConverter for Avi’s BackdropTests";
			productReference = D152F21A2EF8966E00129C2A /* PictConverter for Avi’s BackdropTests.xctest */;
			productType = "com.apple.product-type.bundle.unit-test";
		};
		D152F2232EF8966E00129C2A /* PictConverter for Avi’s BackdropUITests */ = {
			isa = PBXNativeTarget;
			buildConfigurationList = D152F2342EF8966E00129C2A /* Build configuration list for PBXNativeTarget "PictConverter for Avi’s BackdropUITests" */;
			buildPhases = (
				D152F2202EF8966E00129C2A /* Sources */,
				D152F2212EF8966E00129C2A /* Frameworks */,
				D152F2222EF8966E00129C2A /* Resources */,
			);
			buildRules = (
			);
			dependencies = (
				D152F2262EF8966E00129C2A /* PBXTargetDependency */,
			);
			fileSystemSynchronizedGroups = (
				D152F2272EF8966E00129C2A /* PictConverter for Avi’s BackdropUITests */,
			);
			name = "PictConverter for Avi’s BackdropUITests";
			packageProductDependencies = (
			);
			productName = "PictConverter for Avi’s BackdropUITests";
			productReference = D152F2242EF8966E00129C2A /* PictConverter for Avi’s BackdropUITests.xctest */;
			productType = "com.apple.product-type.bundle.ui-testing";
		};
/* End PBXNativeTarget section */

/* Begin PBXProject section */
		D152F2052EF8966D00129C2A /* Project object */ = {
			isa = PBXProject;
			attributes = {
				BuildIndependentTargetsInParallel = 1;
				LastSwiftUpdateCheck = 2610;
				LastUpgradeCheck = 2610;
				TargetAttributes = {
					D152F20C2EF8966D00129C2A = {
						CreatedOnToolsVersion = 26.1.1;
					};
					D152F2192EF8966E00129C2A = {
						CreatedOnToolsVersion = 26.1.1;
						TestTargetID = D152F20C2EF8966D00129C2A;
					};
					D152F2232EF8966E00129C2A = {
						CreatedOnToolsVersion = 26.1.1;
						TestTargetID = D152F20C2EF8966D00129C2A;
					};
				};
			};
			buildConfigurationList = D152F2082EF8966D00129C2A /* Build configuration list for PBXProject "PictConverter for Avi’s Backdrop" */;
			developmentRegion = en;
			hasScannedForEncodings = 0;
			knownRegions = (
				en,
				Base,
			);
			mainGroup = D152F2042EF8966D00129C2A;
			minimizedProjectReferenceProxies = 1;
			preferredProjectObjectVersion = 77;
			productRefGroup = D152F20E2EF8966D00129C2A /* Products */;
			projectDirPath = "";
			projectRoot = "";
			targets = (
				D152F20C2EF8966D00129C2A /* PictConverter for Avi’s Backdrop */,
				D152F2192EF8966E00129C2A /* PictConverter for Avi’s BackdropTests */,
				D152F2232EF8966E00129C2A /* PictConverter for Avi’s BackdropUITests */,
			);
		};
/* End PBXProject section */

/* Begin PBXResourcesBuildPhase section */
		D152F20B2EF8966D00129C2A /* Resources */ = {
			isa = PBXResourcesBuildPhase;
			buildActionMask = 2147483647;
			files = (
			);
			runOnlyForDeploymentPostprocessing = 0;
		};
		D152F2182EF8966E00129C2A /* Resources */ = {
			isa = PBXResourcesBuildPhase;
			buildActionMask = 2147483647;
			files = (
			);
			runOnlyForDeploymentPostprocessing = 0;
		};
		D152F2222EF8966E00129C2A /* Resources */ = {
			isa = PBXResourcesBuildPhase;
			buildActionMask = 2147483647;
			files = (
			);
			runOnlyForDeploymentPostprocessing = 0;
		};
/* End PBXResourcesBuildPhase section */

/* Begin PBXSourcesBuildPhase section */
		D152F2092EF8966D00129C2A /* Sources */ = {
			isa = PBXSourcesBuildPhase;
			buildActionMask = 2147483647;
			files = (
			);
			runOnlyForDeploymentPostprocessing = 0;
		};
		D152F2162EF8966E00129C2A /* Sources */ = {
			isa = PBXSourcesBuildPhase;
			buildActionMask = 2147483647;
			files = (
			);
			runOnlyForDeploymentPostprocessing = 0;
		};
		D152F2202EF8966E00129C2A /* Sources */ = {
			isa = PBXSourcesBuildPhase;
			buildActionMask = 2147483647;
			files = (
			);
			runOnlyForDeploymentPostprocessing = 0;
		};
/* End PBXSourcesBuildPhase section */

/* Begin PBXTargetDependency section */
		D152F21C2EF8966E00129C2A /* PBXTargetDependency */ = {
			isa = PBXTargetDependency;
			target = D152F20C2EF8966D00129C2A /* PictConverter for Avi’s Backdrop */;
			targetProxy = D152F21B2EF8966E00129C2A /* PBXContainerItemProxy */;
		};
		D152F2262EF8966E00129C2A /* PBXTargetDependency */ = {
			isa = PBXTargetDependency;
			target = D152F20C2EF8966D00129C2A /* PictConverter for Avi’s Backdrop */;
			targetProxy = D152F2252EF8966E00129C2A /* PBXContainerItemProxy */;
		};
/* End PBXTargetDependency section */

/* Begin XCBuildConfiguration section */
		D152F22C2EF8966E00129C2A /* Debug */ = {
			isa = XCBuildConfiguration;
			buildSettings = {
				ALWAYS_SEARCH_USER_PATHS = NO;
				ASSETCATALOG_COMPILER_GENERATE_SWIFT_ASSET_SYMBOL_EXTENSIONS = YES;
				CLANG_ANALYZER_NONNULL = YES;
				CLANG_ANALYZER_NUMBER_OBJECT_CONVERSION = YES_AGGRESSIVE;
				CLANG_CXX_LANGUAGE_STANDARD = "gnu++20";
				CLANG_ENABLE_MODULES = YES;
				CLANG_ENABLE_OBJC_ARC = YES;
				CLANG_ENABLE_OBJC_WEAK = YES;
				CLANG_WARN_BLOCK_CAPTURE_AUTORELEASING = YES;
				CLANG_WARN_BOOL_CONVERSION = YES;
				CLANG_WARN_COMMA = YES;
				CLANG_WARN_CONSTANT_CONVERSION = YES;
				CLANG_WARN_DEPRECATED_OBJC_IMPLEMENTATIONS = YES;
				CLANG_WARN_DIRECT_OBJC_ISA_USAGE = YES_ERROR;
				CLANG_WARN_DOCUMENTATION_COMMENTS = YES;
				CLANG_WARN_EMPTY_BODY = YES;
				CLANG_WARN_ENUM_CONVERSION = YES;
				CLANG_WARN_INFINITE_RECURSION = YES;
				CLANG_WARN_INT_CONVERSION = YES;
				CLANG_WARN_NON_LITERAL_NULL_CONVERSION = YES;
				CLANG_WARN_OBJC_IMPLICIT_RETAIN_SELF = YES;
				CLANG_WARN_OBJC_LITERAL_CONVERSION = YES;
				CLANG_WARN_OBJC_ROOT_CLASS = YES_ERROR;
				CLANG_WARN_QUOTED_INCLUDE_IN_FRAMEWORK_HEADER = YES;
				CLANG_WARN_RANGE_LOOP_ANALYSIS = YES;
				CLANG_WARN_STRICT_PROTOTYPES = YES;
				CLANG_WARN_SUSPICIOUS_MOVE = YES;
				CLANG_WARN_UNGUARDED_AVAILABILITY = YES_AGGRESSIVE;
				CLANG_WARN_UNREACHABLE_CODE = YES;
				CLANG_WARN__DUPLICATE_METHOD_MATCH = YES;
				COPY_PHASE_STRIP = NO;
				DEBUG_INFORMATION_FORMAT = dwarf;
				DEVELOPMENT_TEAM = L3B6YHHC4X;
				ENABLE_STRICT_OBJC_MSGSEND = YES;
				ENABLE_TESTABILITY = YES;
				ENABLE_USER_SCRIPT_SANDBOXING = YES;
				GCC_C_LANGUAGE_STANDARD = gnu17;
				GCC_DYNAMIC_NO_PIC = NO;
				GCC_NO_COMMON_BLOCKS = YES;
				GCC_OPTIMIZATION_LEVEL = 0;
				GCC_PREPROCESSOR_DEFINITIONS = (
					"DEBUG=1",
					"$(inherited)",
				);
				GCC_WARN_64_TO_32_BIT_CONVERSION = YES;
				GCC_WARN_ABOUT_RETURN_TYPE = YES_ERROR;
				GCC_WARN_UNDECLARED_SELECTOR = YES;
				GCC_WARN_UNINITIALIZED_AUTOS = YES_AGGRESSIVE;
				GCC_WARN_UNUSED_FUNCTION = YES;
				GCC_WARN_UNUSED_VARIABLE = YES;
				LOCALIZATION_PREFERS_STRING_CATALOGS = YES;
				MACOSX_DEPLOYMENT_TARGET = 26.1;
				MTL_ENABLE_DEBUG_INFO = INCLUDE_SOURCE;
				MTL_FAST_MATH = YES;
				ONLY_ACTIVE_ARCH = YES;
				SDKROOT = macosx;
				SWIFT_ACTIVE_COMPILATION_CONDITIONS = "DEBUG $(inherited)";
				SWIFT_OPTIMIZATION_LEVEL = "-Onone";
			};
			name = Debug;
		};
		D152F22D2EF8966E00129C2A /* Release */ = {
			isa = XCBuildConfiguration;
			buildSettings = {
				ALWAYS_SEARCH_USER_PATHS = NO;
				ASSETCATALOG_COMPILER_GENERATE_SWIFT_ASSET_SYMBOL_EXTENSIONS = YES;
				CLANG_ANALYZER_NONNULL = YES;
				CLANG_ANALYZER_NUMBER_OBJECT_CONVERSION = YES_AGGRESSIVE;
				CLANG_CXX_LANGUAGE_STANDARD = "gnu++20";
				CLANG_ENABLE_MODULES = YES;
				CLANG_ENABLE_OBJC_ARC = YES;
				CLANG_ENABLE_OBJC_WEAK = YES;
				CLANG_WARN_BLOCK_CAPTURE_AUTORELEASING = YES;
				CLANG_WARN_BOOL_CONVERSION = YES;
				CLANG_WARN_COMMA = YES;
				CLANG_WARN_CONSTANT_CONVERSION = YES;
				CLANG_WARN_DEPRECATED_OBJC_IMPLEMENTATIONS = YES;
				CLANG_WARN_DIRECT_OBJC_ISA_USAGE = YES_ERROR;
				CLANG_WARN_DOCUMENTATION_COMMENTS = YES;
				CLANG_WARN_EMPTY_BODY = YES;
				CLANG_WARN_ENUM_CONVERSION = YES;
				CLANG_WARN_INFINITE_RECURSION = YES;
				CLANG_WARN_INT_CONVERSION = YES;
				CLANG_WARN_NON_LITERAL_NULL_CONVERSION = YES;
				CLANG_WARN_OBJC_IMPLICIT_RETAIN_SELF = YES;
				CLANG_WARN_OBJC_LITERAL_CONVERSION = YES;
				CLANG_WARN_OBJC_ROOT_CLASS = YES_ERROR;
				CLANG_WARN_QUOTED_INCLUDE_IN_FRAMEWORK_HEADER = YES;
				CLANG_WARN_RANGE_LOOP_ANALYSIS = YES;
				CLANG_WARN_STRICT_PROTOTYPES = YES;
				CLANG_WARN_SUSPICIOUS_MOVE = YES;
				CLANG_WARN_UNGUARDED_AVAILABILITY = YES_AGGRESSIVE;
				CLANG_WARN_UNREACHABLE_CODE = YES;
				CLANG_WARN__DUPLICATE_METHOD_MATCH = YES;
				COPY_PHASE_STRIP = NO;
				DEBUG_INFORMATION_FORMAT = "dwarf-with-dsym";
				DEVELOPMENT_TEAM = L3B6YHHC4X;
				ENABLE_NS_ASSERTIONS = NO;
				ENABLE_STRICT_OBJC_MSGSEND = YES;
				ENABLE_USER_SCRIPT_SANDBOXING = YES;
				GCC_C_LANGUAGE_STANDARD = gnu17;
				GCC_NO_COMMON_BLOCKS = YES;
				GCC_WARN_64_TO_32_BIT_CONVERSION = YES;
				GCC_WARN_ABOUT_RETURN_TYPE = YES_ERROR;
				GCC_WARN_UNDECLARED_SELECTOR = YES;
				GCC_WARN_UNINITIALIZED_AUTOS = YES_AGGRESSIVE;
				GCC_WARN_UNUSED_FUNCTION = YES;
				GCC_WARN_UNUSED_VARIABLE = YES;
				LOCALIZATION_PREFERS_STRING_CATALOGS = YES;
				MACOSX_DEPLOYMENT_TARGET = 26.1;
				MTL_ENABLE_DEBUG_INFO = NO;
				MTL_FAST_MATH = YES;
				SDKROOT = macosx;
				SWIFT_COMPILATION_MODE = wholemodule;
			};
			name = Release;
		};
		D152F22F2EF8966E00129C2A /* Debug */ = {
			isa = XCBuildConfiguration;
			buildSettings = {
				ASSETCATALOG_COMPILER_APPICON_NAME = AppIcon;
				ASSETCATALOG_COMPILER_GLOBAL_ACCENT_COLOR_NAME = AccentColor;
				ASSETCATALOG_COMPILER_INCLUDE_ALL_APPICON_ASSETS = YES;
				CODE_SIGN_STYLE = Automatic;
				COMBINE_HIDPI_IMAGES = YES;
				CURRENT_PROJECT_VERSION = 1;
				DEVELOPMENT_TEAM = L3B6YHHC4X;
				ENABLE_APP_SANDBOX = YES;
				ENABLE_HARDENED_RUNTIME = YES;
				ENABLE_INCOMING_NETWORK_CONNECTIONS = NO;
				ENABLE_OUTGOING_NETWORK_CONNECTIONS = NO;
				ENABLE_PREVIEWS = YES;
				ENABLE_RESOURCE_ACCESS_AUDIO_INPUT = NO;
				ENABLE_RESOURCE_ACCESS_BLUETOOTH = NO;
				ENABLE_RESOURCE_ACCESS_CALENDARS = NO;
				ENABLE_RESOURCE_ACCESS_CAMERA = NO;
				ENABLE_RESOURCE_ACCESS_CONTACTS = NO;
				ENABLE_RESOURCE_ACCESS_LOCATION = NO;
				ENABLE_RESOURCE_ACCESS_PRINTING = NO;
				ENABLE_RESOURCE_ACCESS_USB = NO;
				ENABLE_USER_SELECTED_FILES = readwrite;
				GENERATE_INFOPLIST_FILE = YES;
				INFOPLIST_KEY_CFBundleDisplayName = PictConverter;
				INFOPLIST_KEY_LSApplicationCategoryType = "public.app-category.developer-tools";
				INFOPLIST_KEY_NSHumanReadableCopyright = "© 2025 Apple Newton Fan";
				LD_RUNPATH_SEARCH_PATHS = (
					"$(inherited)",
					"@executable_path/../Frameworks",
				);
				MARKETING_VERSION = 0.8b;
				PRODUCT_BUNDLE_IDENTIFIER = "INDIGI.PictConverter-for-Avi-s-Backdrop";
				PRODUCT_NAME = "$(TARGET_NAME)";
				REGISTER_APP_GROUPS = YES;
				STRING_CATALOG_GENERATE_SYMBOLS = YES;
				SWIFT_APPROACHABLE_CONCURRENCY = YES;
				SWIFT_DEFAULT_ACTOR_ISOLATION = MainActor;
				SWIFT_EMIT_LOC_STRINGS = YES;
				SWIFT_UPCOMING_FEATURE_MEMBER_IMPORT_VISIBILITY = YES;
				SWIFT_VERSION = 5.0;
			};
			name = Debug;
		};
		D152F2302EF8966E00129C2A /* Release */ = {
			isa = XCBuildConfiguration;
			buildSettings = {
				ASSETCATALOG_COMPILER_APPICON_NAME = AppIcon;
				ASSETCATALOG_COMPILER_GLOBAL_ACCENT_COLOR_NAME = AccentColor;
				ASSETCATALOG_COMPILER_INCLUDE_ALL_APPICON_ASSETS = YES;
				CODE_SIGN_STYLE = Automatic;
				COMBINE_HIDPI_IMAGES = YES;
				CURRENT_PROJECT_VERSION = 1;
				DEVELOPMENT_TEAM = L3B6YHHC4X;
				ENABLE_APP_SANDBOX = YES;
				ENABLE_HARDENED_RUNTIME = YES;
				ENABLE_INCOMING_NETWORK_CONNECTIONS = NO;
				ENABLE_OUTGOING_NETWORK_CONNECTIONS = NO;
				ENABLE_PREVIEWS = YES;
				ENABLE_RESOURCE_ACCESS_AUDIO_INPUT = NO;
				ENABLE_RESOURCE_ACCESS_BLUETOOTH = NO;
				ENABLE_RESOURCE_ACCESS_CALENDARS = NO;
				ENABLE_RESOURCE_ACCESS_CAMERA = NO;
				ENABLE_RESOURCE_ACCESS_CONTACTS = NO;
				ENABLE_RESOURCE_ACCESS_LOCATION = NO;
				ENABLE_RESOURCE_ACCESS_PRINTING = NO;
				ENABLE_RESOURCE_ACCESS_USB = NO;
				ENABLE_USER_SELECTED_FILES = readwrite;
				GENERATE_INFOPLIST_FILE = YES;
				INFOPLIST_KEY_CFBundleDisplayName = PictConverter;
				INFOPLIST_KEY_LSApplicationCategoryType = "public.app-category.developer-tools";
				INFOPLIST_KEY_NSHumanReadableCopyright = "© 2025 Apple Newton Fan";
				LD_RUNPATH_SEARCH_PATHS = (
					"$(inherited)",
					"@executable_path/../Frameworks",
				);
				MARKETING_VERSION = 0.8b;
				PRODUCT_BUNDLE_IDENTIFIER = "INDIGI.PictConverter-for-Avi-s-Backdrop";
				PRODUCT_NAME = "$(TARGET_NAME)";
				REGISTER_APP_GROUPS = YES;
				STRING_CATALOG_GENERATE_SYMBOLS = YES;
				SWIFT_APPROACHABLE_CONCURRENCY = YES;
				SWIFT_DEFAULT_ACTOR_ISOLATION = MainActor;
				SWIFT_EMIT_LOC_STRINGS = YES;
				SWIFT_UPCOMING_FEATURE_MEMBER_IMPORT_VISIBILITY = YES;
				SWIFT_VERSION = 5.0;
			};
			name = Release;
		};
		D152F2322EF8966E00129C2A /* Debug */ = {
			isa = XCBuildConfiguration;
			buildSettings = {
				BUNDLE_LOADER = "$(TEST_HOST)";
				CODE_SIGN_STYLE = Automatic;
				CURRENT_PROJECT_VERSION = 1;
				DEVELOPMENT_TEAM = L3B6YHHC4X;
				GENERATE_INFOPLIST_FILE = YES;
				MACOSX_DEPLOYMENT_TARGET = 26.1;
				MARKETING_VERSION = 1.0;
				PRODUCT_BUNDLE_IDENTIFIER = "INDIGI.PictConverter-for-Avi-s-BackdropTests";
				PRODUCT_NAME = "$(TARGET_NAME)";
				STRING_CATALOG_GENERATE_SYMBOLS = NO;
				SWIFT_APPROACHABLE_CONCURRENCY = YES;
				SWIFT_EMIT_LOC_STRINGS = NO;
				SWIFT_UPCOMING_FEATURE_MEMBER_IMPORT_VISIBILITY = YES;
				SWIFT_VERSION = 5.0;
				TEST_HOST = "$(BUILT_PRODUCTS_DIR)/PictConverter for Avi’s Backdrop.app/$(BUNDLE_EXECUTABLE_FOLDER_PATH)/PictConverter for Avi’s Backdrop";
			};
			name = Debug;
		};
		D152F2332EF8966E00129C2A /* Release */ = {
			isa = XCBuildConfiguration;
			buildSettings = {
				BUNDLE_LOADER = "$(TEST_HOST)";
				CODE_SIGN_STYLE = Automatic;
				CURRENT_PROJECT_VERSION = 1;
				DEVELOPMENT_TEAM = L3B6YHHC4X;
				GENERATE_INFOPLIST_FILE = YES;
				MACOSX_DEPLOYMENT_TARGET = 26.1;
				MARKETING_VERSION = 1.0;
				PRODUCT_BUNDLE_IDENTIFIER = "INDIGI.PictConverter-for-Avi-s-BackdropTests";
				PRODUCT_NAME = "$(TARGET_NAME)";
				STRING_CATALOG_GENERATE_SYMBOLS = NO;
				SWIFT_APPROACHABLE_CONCURRENCY = YES;
				SWIFT_EMIT_LOC_STRINGS = NO;
				SWIFT_UPCOMING_FEATURE_MEMBER_IMPORT_VISIBILITY = YES;
				SWIFT_VERSION = 5.0;
				TEST_HOST = "$(BUILT_PRODUCTS_DIR)/PictConverter for Avi’s Backdrop.app/$(BUNDLE_EXECUTABLE_FOLDER_PATH)/PictConverter for Avi’s Backdrop";
			};
			name = Release;
		};
		D152F2352EF8966E00129C2A /* Debug */ = {
			isa = XCBuildConfiguration;
			buildSettings = {
				CODE_SIGN_STYLE = Automatic;
				CURRENT_PROJECT_VERSION = 1;
				DEVELOPMENT_TEAM = L3B6YHHC4X;
				GENERATE_INFOPLIST_FILE = YES;
				MARKETING_VERSION = 1.0;
				PRODUCT_BUNDLE_IDENTIFIER = "INDIGI.PictConverter-for-Avi-s-BackdropUITests";
				PRODUCT_NAME = "$(TARGET_NAME)";
				STRING_CATALOG_GENERATE_SYMBOLS = NO;
				SWIFT_APPROACHABLE_CONCURRENCY = YES;
				SWIFT_EMIT_LOC_STRINGS = NO;
				SWIFT_UPCOMING_FEATURE_MEMBER_IMPORT_VISIBILITY = YES;
				SWIFT_VERSION = 5.0;
				TEST_TARGET_NAME = "PictConverter for Avi’s Backdrop";
			};
			name = Debug;
		};
		D152F2362EF8966E00129C2A /* Release */ = {
			isa = XCBuildConfiguration;
			buildSettings = {
				CODE_SIGN_STYLE = Automatic;
				CURRENT_PROJECT_VERSION = 1;
				DEVELOPMENT_TEAM = L3B6YHHC4X;
				GENERATE_INFOPLIST_FILE = YES;
				MARKETING_VERSION = 1.0;
				PRODUCT_BUNDLE_IDENTIFIER = "INDIGI.PictConverter-for-Avi-s-BackdropUITests";
				PRODUCT_NAME = "$(TARGET_NAME)";
				STRING_CATALOG_GENERATE_SYMBOLS = NO;
				SWIFT_APPROACHABLE_CONCURRENCY = YES;
				SWIFT_EMIT_LOC_STRINGS = NO;
				SWIFT_UPCOMING_FEATURE_MEMBER_IMPORT_VISIBILITY = YES;
				SWIFT_VERSION = 5.0;
				TEST_TARGET_NAME = "PictConverter for Avi’s Backdrop";
			};
			name = Release;
		};
/* End XCBuildConfiguration section */

/* Begin XCConfigurationList section */
		D152F2082EF8966D00129C2A /* Build configuration list for PBXProject "PictConverter for Avi’s Backdrop" */ = {
			isa = XCConfigurationList;
			buildConfigurations = (
				D152F22C2EF8966E00129C2A /* Debug */,
				D152F22D2EF8966E00129C2A /* Release */,
			);
			defaultConfigurationIsVisible = 0;
			defaultConfigurationName = Release;
		};
		D152F22E2EF8966E00129C2A /* Build configuration list for PBXNativeTarget "PictConverter for Avi’s Backdrop" */ = {
			isa = XCConfigurationList;
			buildConfigurations = (
				D152F22F2EF8966E00129C2A /* Debug */,
				D152F2302EF8966E00129C2A /* Release */,
			);
			defaultConfigurationIsVisible = 0;
			defaultConfigurationName = Release;
		};
		D152F2312EF8966E00129C2A /* Build configuration list for PBXNativeTarget "PictConverter for Avi’s BackdropTests" */ = {
			isa = XCConfigurationList;
			buildConfigurations = (
				D152F2322EF8966E00129C2A /* Debug */,
				D152F2332EF8966E00129C2A /* Release */,
			);
			defaultConfigurationIsVisible = 0;
			defaultConfigurationName = Release;
		};
		D152F2342EF8966E00129C2A /* Build configuration list for PBXNativeTarget "PictConverter for Avi’s BackdropUITests" */ = {
			isa = XCConfigurationList;
			buildConfigurations = (
				D152F2352EF8966E00129C2A /* Debug */,
				D152F2362EF8966E00129C2A /* Release */,
			);
			defaultConfigurationIsVisible = 0;
			defaultConfigurationName = Release;
		};
/* End XCConfigurationList section */
	};
	rootObject = D152F2052EF8966D00129C2A /* Project object */;
}
